
Microsoft Visual Studio Solution File, Format Version 12.00
# Visual Studio Version 17
VisualStudioVersion = 17.8.34309.116
MinimumVisualStudioVersion = 10.0.40219.1
Project("{FAE04EC0-301F-11D3-BF4B-00C04F79EFBC}") = "MediciPacientiRT", "MediciPacientiRT.csproj", "{1979EA28-985E-4F4E-BBEA-F9BD4FF303EE}"
EndProject
Global
	GlobalSection(SolutionConfigurationPlatforms) = preSolution
		Debug|Any CPU = Debug|Any CPU
		Release|Any CPU = Release|Any CPU
	EndGlobalSection
	GlobalSection(ProjectConfigurationPlatforms) = postSolution
		{1979EA28-985E-4F4E-BBEA-F9BD4FF303EE}.Debug|Any CPU.ActiveCfg = Debug|Any CPU
		{1979EA28-985E-4F4E-BBEA-F9BD4FF303EE}.Debug|Any CPU.Build.0 = Debug|Any CPU
		{1979EA28-985E-4F4E-BBEA-F9BD4FF303EE}.Release|Any CPU.ActiveCfg = Release|Any CPU
		{1979EA28-985E-4F4E-BBEA-F9BD4FF303EE}.Release|Any CPU.Build.0 = Release|Any CPU
	EndGlobalSection
	GlobalSection(SolutionProperties) = preSolution
		HideSolutionNode = FALSE
	EndGlobalSection
	GlobalSection(ExtensibilityGlobals) = postSolution
		SolutionGuid = {0D36A7AE-086E-406F-A48F-D5EB3B3246B1}
	EndGlobalSection
EndGlobal
