
Microsoft Visual Studio Solution File, Format Version 12.00
# Visual Studio Version 17
VisualStudioVersion = 17.8.34309.116
MinimumVisualStudioVersion = 10.0.40219.1
Project("{FAE04EC0-301F-11D3-BF4B-00C04F79EFBC}") = "Proiect Tudose Razvan", "Proiect Tudose Razvan.csproj", "{B6A29583-700A-461F-A1E4-55FABFF982F9}"
EndProject
Global
	GlobalSection(SolutionConfigurationPlatforms) = preSolution
		Debug|Any CPU = Debug|Any CPU
		Debug|x64 = Debug|x64
		Release|Any CPU = Release|Any CPU
		Release|x64 = Release|x64
	EndGlobalSection
	GlobalSection(ProjectConfigurationPlatforms) = postSolution
		{B6A29583-700A-461F-A1E4-55FABFF982F9}.Debug|Any CPU.ActiveCfg = Debug|Any CPU
		{B6A29583-700A-461F-A1E4-55FABFF982F9}.Debug|Any CPU.Build.0 = Debug|Any CPU
		{B6A29583-700A-461F-A1E4-55FABFF982F9}.Debug|x64.ActiveCfg = Debug|x64
		{B6A29583-700A-461F-A1E4-55FABFF982F9}.Debug|x64.Build.0 = Debug|x64
		{B6A29583-700A-461F-A1E4-55FABFF982F9}.Release|Any CPU.ActiveCfg = Release|Any CPU
		{B6A29583-700A-461F-A1E4-55FABFF982F9}.Release|Any CPU.Build.0 = Release|Any CPU
		{B6A29583-700A-461F-A1E4-55FABFF982F9}.Release|x64.ActiveCfg = Release|x64
		{B6A29583-700A-461F-A1E4-55FABFF982F9}.Release|x64.Build.0 = Release|x64
	EndGlobalSection
	GlobalSection(SolutionProperties) = preSolution
		HideSolutionNode = FALSE
	EndGlobalSection
	GlobalSection(ExtensibilityGlobals) = postSolution
		SolutionGuid = {E5D560BB-3C59-4E06-82B4-AEABC5616C93}
	EndGlobalSection
EndGlobal
